
Microsoft Visual Studio Solution File, Format Version 11.00
# Visual Studio 2010
Project("{FAE04EC0-301F-11D3-BF4B-00C04F79EFBC}") = "Oculus.Platform", "Oculus.Platform.csproj", "{2eb2fdcd-f664-334b-d57f-76aab0c55b2d}"
EndProject
Project("{FAE04EC0-301F-11D3-BF4B-00C04F79EFBC}") = "Assembly-CSharp", "Assembly-CSharp.csproj", "{f5373e35-eae8-b7ab-3cdf-8dddd2be6de5}"
EndProject
Project("{FAE04EC0-301F-11D3-BF4B-00C04F79EFBC}") = "Oculus.Spatializer", "Oculus.Spatializer.csproj", "{02f6dbd6-1636-ff3b-554e-ecca9244dc0b}"
EndProject
Project("{FAE04EC0-301F-11D3-BF4B-00C04F79EFBC}") = "Oculus.Interaction", "Oculus.Interaction.csproj", "{b1877670-0e01-bf9b-212a-3a60923db0eb}"
EndProject
Project("{FAE04EC0-301F-11D3-BF4B-00C04F79EFBC}") = "Facebook.WitAI", "Facebook.WitAI.csproj", "{328daff9-56b3-e5b6-b42a-730f9a637bd6}"
EndProject
Project("{FAE04EC0-301F-11D3-BF4B-00C04F79EFBC}") = "Oculus.VR", "Oculus.VR.csproj", "{e9ce6542-e9ea-06cc-6394-9103a81bacb3}"
EndProject
Project("{FAE04EC0-301F-11D3-BF4B-00C04F79EFBC}") = "Oculus.Interaction.Samples", "Oculus.Interaction.Samples.csproj", "{c4b4ea10-0bd6-e6e2-bb12-8f8442ec989e}"
EndProject
Project("{FAE04EC0-301F-11D3-BF4B-00C04F79EFBC}") = "VoiceSDK.Dictation.Runtime", "VoiceSDK.Dictation.Runtime.csproj", "{77dc157c-2d82-4e82-64d4-2b802a537953}"
EndProject
Project("{FAE04EC0-301F-11D3-BF4B-00C04F79EFBC}") = "Facebook.Wit.TTS", "Facebook.Wit.TTS.csproj", "{d607ea38-98c8-db5b-ec91-fd4edd4257ef}"
EndProject
Project("{FAE04EC0-301F-11D3-BF4B-00C04F79EFBC}") = "Oculus.AudioManager", "Oculus.AudioManager.csproj", "{88310119-e903-fcfb-7cf7-ab1890abddad}"
EndProject
Project("{FAE04EC0-301F-11D3-BF4B-00C04F79EFBC}") = "VoiceSDK.Runtime", "VoiceSDK.Runtime.csproj", "{c6e2644e-0032-f9a4-9be8-1d1d14f5f936}"
EndProject
Project("{FAE04EC0-301F-11D3-BF4B-00C04F79EFBC}") = "Facebook.Wit.Dictation", "Facebook.Wit.Dictation.csproj", "{21f1ce68-2084-a5ab-86e0-0472f1809204}"
EndProject
Project("{FAE04EC0-301F-11D3-BF4B-00C04F79EFBC}") = "Oculus.Voice.Demo", "Oculus.Voice.Demo.csproj", "{97100861-400d-f451-067b-7461955d6696}"
EndProject
Project("{FAE04EC0-301F-11D3-BF4B-00C04F79EFBC}") = "AssistantCoreSDKRuntime", "AssistantCoreSDKRuntime.csproj", "{585cf9d4-0884-358b-401b-5323388ad3d5}"
EndProject
Project("{FAE04EC0-301F-11D3-BF4B-00C04F79EFBC}") = "LitJson", "LitJson.csproj", "{48939cdb-1d48-9671-3073-6181685c0f3d}"
EndProject
Project("{FAE04EC0-301F-11D3-BF4B-00C04F79EFBC}") = "Facebook.Wit.Conduit", "Facebook.Wit.Conduit.csproj", "{de9f68bf-96dc-29d8-6d3f-23d4d5d2296c}"
EndProject
Project("{FAE04EC0-301F-11D3-BF4B-00C04F79EFBC}") = "Oculus.LipSync", "Oculus.LipSync.csproj", "{a43d136b-7807-e3b7-64cc-e7cea1e4d46a}"
EndProject
Project("{FAE04EC0-301F-11D3-BF4B-00C04F79EFBC}") = "Facebook.Wit.TTS.Samples", "Facebook.Wit.TTS.Samples.csproj", "{39fa0a95-efcf-d38e-2b85-0a0d5330adfc}"
EndProject
Project("{FAE04EC0-301F-11D3-BF4B-00C04F79EFBC}") = "Facebook.Wit.Editor", "Facebook.Wit.Editor.csproj", "{d908a0d8-f805-49b1-82aa-fadabddefa6c}"
EndProject
Project("{FAE04EC0-301F-11D3-BF4B-00C04F79EFBC}") = "Assembly-CSharp-Editor", "Assembly-CSharp-Editor.csproj", "{c83c4041-7a4d-b03b-f082-048d5db799f3}"
EndProject
Project("{FAE04EC0-301F-11D3-BF4B-00C04F79EFBC}") = "Oculus.Interaction.Editor", "Oculus.Interaction.Editor.csproj", "{fc8e1688-d08b-b1ef-8909-1c23778eff90}"
EndProject
Project("{FAE04EC0-301F-11D3-BF4B-00C04F79EFBC}") = "Facebook.Wit.Conduit.Editor", "Facebook.Wit.Conduit.Editor.csproj", "{728b6d14-9df7-ba0c-99ec-0854c3918f4f}"
EndProject
Project("{FAE04EC0-301F-11D3-BF4B-00C04F79EFBC}") = "Oculus.Interaction.Samples.Editor", "Oculus.Interaction.Samples.Editor.csproj", "{b755e105-3dd8-e923-dc79-332df6d8b7fe}"
EndProject
Project("{FAE04EC0-301F-11D3-BF4B-00C04F79EFBC}") = "Oculus.VR.Editor", "Oculus.VR.Editor.csproj", "{dd61f850-e6b5-2034-4020-4f118738f5be}"
EndProject
Project("{FAE04EC0-301F-11D3-BF4B-00C04F79EFBC}") = "VoiceSDK.Editor", "VoiceSDK.Editor.csproj", "{0c3a9589-77b7-ab58-b03c-4d0ea8695221}"
EndProject
Project("{FAE04EC0-301F-11D3-BF4B-00C04F79EFBC}") = "Facebook.Wit.TTS.Editor", "Facebook.Wit.TTS.Editor.csproj", "{fc5e9bab-a547-38cc-5502-32e8a7aadcc0}"
EndProject
Project("{FAE04EC0-301F-11D3-BF4B-00C04F79EFBC}") = "Facebook.Wit.Dictation.Editor", "Facebook.Wit.Dictation.Editor.csproj", "{458a0ba0-4fe4-f0e2-2ac5-2c39baf203c6}"
EndProject
Project("{FAE04EC0-301F-11D3-BF4B-00C04F79EFBC}") = "VoiceSDK.Dictation.Editor", "VoiceSDK.Dictation.Editor.csproj", "{dc0a860a-8f81-88f4-2875-9c8077637800}"
EndProject
Project("{FAE04EC0-301F-11D3-BF4B-00C04F79EFBC}") = "Oculus.Platform.Editor", "Oculus.Platform.Editor.csproj", "{49b51ceb-434c-4882-9531-235fb838a31b}"
EndProject
Project("{FAE04EC0-301F-11D3-BF4B-00C04F79EFBC}") = "Oculus.Spatializer.Editor", "Oculus.Spatializer.Editor.csproj", "{6e86e8d6-af90-f7e5-f5d3-d697aad7c2c2}"
EndProject
Project("{FAE04EC0-301F-11D3-BF4B-00C04F79EFBC}") = "Oculus.AudioManager.Audio.Editor", "Oculus.AudioManager.Audio.Editor.csproj", "{1858fef6-3154-9f3a-0d71-b98114e592d2}"
EndProject
Project("{FAE04EC0-301F-11D3-BF4B-00C04F79EFBC}") = "Oculus.Interaction.InterfaceSupport", "Oculus.Interaction.InterfaceSupport.csproj", "{d86b461a-0eb7-8dc7-245d-420e542d1e04}"
EndProject
Project("{FAE04EC0-301F-11D3-BF4B-00C04F79EFBC}") = "Oculus.VR.Scripts.Editor", "Oculus.VR.Scripts.Editor.csproj", "{f969ed16-d52e-7650-f59d-eff9d72c765f}"
EndProject
Project("{FAE04EC0-301F-11D3-BF4B-00C04F79EFBC}") = "Oculus.LipSync.Editor", "Oculus.LipSync.Editor.csproj", "{1edad65f-5290-580d-1f0d-60a859128e7c}"
EndProject
Project("{FAE04EC0-301F-11D3-BF4B-00C04F79EFBC}") = "AssistantCoreSDKEditor", "AssistantCoreSDKEditor.csproj", "{909f66b4-a5b3-d729-2319-62f6f386e357}"
EndProject
Project("{FAE04EC0-301F-11D3-BF4B-00C04F79EFBC}") = "Oculus.AudioManager.Utils.Editor", "Oculus.AudioManager.Utils.Editor.csproj", "{7ce83c17-1eb0-cba9-9ed5-f094f69a48ba}"
EndProject
Global
	GlobalSection(SolutionConfigurationPlatforms) = preSolution
		Debug|Any CPU = Debug|Any CPU
	EndGlobalSection
	GlobalSection(ProjectConfigurationPlatforms) = postSolution
		{2eb2fdcd-f664-334b-d57f-76aab0c55b2d}.Debug|Any CPU.ActiveCfg = Debug|Any CPU
		{2eb2fdcd-f664-334b-d57f-76aab0c55b2d}.Debug|Any CPU.Build.0 = Debug|Any CPU
		{f5373e35-eae8-b7ab-3cdf-8dddd2be6de5}.Debug|Any CPU.ActiveCfg = Debug|Any CPU
		{f5373e35-eae8-b7ab-3cdf-8dddd2be6de5}.Debug|Any CPU.Build.0 = Debug|Any CPU
		{02f6dbd6-1636-ff3b-554e-ecca9244dc0b}.Debug|Any CPU.ActiveCfg = Debug|Any CPU
		{02f6dbd6-1636-ff3b-554e-ecca9244dc0b}.Debug|Any CPU.Build.0 = Debug|Any CPU
		{b1877670-0e01-bf9b-212a-3a60923db0eb}.Debug|Any CPU.ActiveCfg = Debug|Any CPU
		{b1877670-0e01-bf9b-212a-3a60923db0eb}.Debug|Any CPU.Build.0 = Debug|Any CPU
		{328daff9-56b3-e5b6-b42a-730f9a637bd6}.Debug|Any CPU.ActiveCfg = Debug|Any CPU
		{328daff9-56b3-e5b6-b42a-730f9a637bd6}.Debug|Any CPU.Build.0 = Debug|Any CPU
		{e9ce6542-e9ea-06cc-6394-9103a81bacb3}.Debug|Any CPU.ActiveCfg = Debug|Any CPU
		{e9ce6542-e9ea-06cc-6394-9103a81bacb3}.Debug|Any CPU.Build.0 = Debug|Any CPU
		{c4b4ea10-0bd6-e6e2-bb12-8f8442ec989e}.Debug|Any CPU.ActiveCfg = Debug|Any CPU
		{c4b4ea10-0bd6-e6e2-bb12-8f8442ec989e}.Debug|Any CPU.Build.0 = Debug|Any CPU
		{77dc157c-2d82-4e82-64d4-2b802a537953}.Debug|Any CPU.ActiveCfg = Debug|Any CPU
		{77dc157c-2d82-4e82-64d4-2b802a537953}.Debug|Any CPU.Build.0 = Debug|Any CPU
		{d607ea38-98c8-db5b-ec91-fd4edd4257ef}.Debug|Any CPU.ActiveCfg = Debug|Any CPU
		{d607ea38-98c8-db5b-ec91-fd4edd4257ef}.Debug|Any CPU.Build.0 = Debug|Any CPU
		{88310119-e903-fcfb-7cf7-ab1890abddad}.Debug|Any CPU.ActiveCfg = Debug|Any CPU
		{88310119-e903-fcfb-7cf7-ab1890abddad}.Debug|Any CPU.Build.0 = Debug|Any CPU
		{c6e2644e-0032-f9a4-9be8-1d1d14f5f936}.Debug|Any CPU.ActiveCfg = Debug|Any CPU
		{c6e2644e-0032-f9a4-9be8-1d1d14f5f936}.Debug|Any CPU.Build.0 = Debug|Any CPU
		{21f1ce68-2084-a5ab-86e0-0472f1809204}.Debug|Any CPU.ActiveCfg = Debug|Any CPU
		{21f1ce68-2084-a5ab-86e0-0472f1809204}.Debug|Any CPU.Build.0 = Debug|Any CPU
		{97100861-400d-f451-067b-7461955d6696}.Debug|Any CPU.ActiveCfg = Debug|Any CPU
		{97100861-400d-f451-067b-7461955d6696}.Debug|Any CPU.Build.0 = Debug|Any CPU
		{585cf9d4-0884-358b-401b-5323388ad3d5}.Debug|Any CPU.ActiveCfg = Debug|Any CPU
		{585cf9d4-0884-358b-401b-5323388ad3d5}.Debug|Any CPU.Build.0 = Debug|Any CPU
		{48939cdb-1d48-9671-3073-6181685c0f3d}.Debug|Any CPU.ActiveCfg = Debug|Any CPU
		{48939cdb-1d48-9671-3073-6181685c0f3d}.Debug|Any CPU.Build.0 = Debug|Any CPU
		{de9f68bf-96dc-29d8-6d3f-23d4d5d2296c}.Debug|Any CPU.ActiveCfg = Debug|Any CPU
		{de9f68bf-96dc-29d8-6d3f-23d4d5d2296c}.Debug|Any CPU.Build.0 = Debug|Any CPU
		{a43d136b-7807-e3b7-64cc-e7cea1e4d46a}.Debug|Any CPU.ActiveCfg = Debug|Any CPU
		{a43d136b-7807-e3b7-64cc-e7cea1e4d46a}.Debug|Any CPU.Build.0 = Debug|Any CPU
		{39fa0a95-efcf-d38e-2b85-0a0d5330adfc}.Debug|Any CPU.ActiveCfg = Debug|Any CPU
		{39fa0a95-efcf-d38e-2b85-0a0d5330adfc}.Debug|Any CPU.Build.0 = Debug|Any CPU
		{d908a0d8-f805-49b1-82aa-fadabddefa6c}.Debug|Any CPU.ActiveCfg = Debug|Any CPU
		{d908a0d8-f805-49b1-82aa-fadabddefa6c}.Debug|Any CPU.Build.0 = Debug|Any CPU
		{c83c4041-7a4d-b03b-f082-048d5db799f3}.Debug|Any CPU.ActiveCfg = Debug|Any CPU
		{c83c4041-7a4d-b03b-f082-048d5db799f3}.Debug|Any CPU.Build.0 = Debug|Any CPU
		{fc8e1688-d08b-b1ef-8909-1c23778eff90}.Debug|Any CPU.ActiveCfg = Debug|Any CPU
		{fc8e1688-d08b-b1ef-8909-1c23778eff90}.Debug|Any CPU.Build.0 = Debug|Any CPU
		{728b6d14-9df7-ba0c-99ec-0854c3918f4f}.Debug|Any CPU.ActiveCfg = Debug|Any CPU
		{728b6d14-9df7-ba0c-99ec-0854c3918f4f}.Debug|Any CPU.Build.0 = Debug|Any CPU
		{b755e105-3dd8-e923-dc79-332df6d8b7fe}.Debug|Any CPU.ActiveCfg = Debug|Any CPU
		{b755e105-3dd8-e923-dc79-332df6d8b7fe}.Debug|Any CPU.Build.0 = Debug|Any CPU
		{dd61f850-e6b5-2034-4020-4f118738f5be}.Debug|Any CPU.ActiveCfg = Debug|Any CPU
		{dd61f850-e6b5-2034-4020-4f118738f5be}.Debug|Any CPU.Build.0 = Debug|Any CPU
		{0c3a9589-77b7-ab58-b03c-4d0ea8695221}.Debug|Any CPU.ActiveCfg = Debug|Any CPU
		{0c3a9589-77b7-ab58-b03c-4d0ea8695221}.Debug|Any CPU.Build.0 = Debug|Any CPU
		{fc5e9bab-a547-38cc-5502-32e8a7aadcc0}.Debug|Any CPU.ActiveCfg = Debug|Any CPU
		{fc5e9bab-a547-38cc-5502-32e8a7aadcc0}.Debug|Any CPU.Build.0 = Debug|Any CPU
		{458a0ba0-4fe4-f0e2-2ac5-2c39baf203c6}.Debug|Any CPU.ActiveCfg = Debug|Any CPU
		{458a0ba0-4fe4-f0e2-2ac5-2c39baf203c6}.Debug|Any CPU.Build.0 = Debug|Any CPU
		{dc0a860a-8f81-88f4-2875-9c8077637800}.Debug|Any CPU.ActiveCfg = Debug|Any CPU
		{dc0a860a-8f81-88f4-2875-9c8077637800}.Debug|Any CPU.Build.0 = Debug|Any CPU
		{49b51ceb-434c-4882-9531-235fb838a31b}.Debug|Any CPU.ActiveCfg = Debug|Any CPU
		{49b51ceb-434c-4882-9531-235fb838a31b}.Debug|Any CPU.Build.0 = Debug|Any CPU
		{6e86e8d6-af90-f7e5-f5d3-d697aad7c2c2}.Debug|Any CPU.ActiveCfg = Debug|Any CPU
		{6e86e8d6-af90-f7e5-f5d3-d697aad7c2c2}.Debug|Any CPU.Build.0 = Debug|Any CPU
		{1858fef6-3154-9f3a-0d71-b98114e592d2}.Debug|Any CPU.ActiveCfg = Debug|Any CPU
		{1858fef6-3154-9f3a-0d71-b98114e592d2}.Debug|Any CPU.Build.0 = Debug|Any CPU
		{d86b461a-0eb7-8dc7-245d-420e542d1e04}.Debug|Any CPU.ActiveCfg = Debug|Any CPU
		{d86b461a-0eb7-8dc7-245d-420e542d1e04}.Debug|Any CPU.Build.0 = Debug|Any CPU
		{f969ed16-d52e-7650-f59d-eff9d72c765f}.Debug|Any CPU.ActiveCfg = Debug|Any CPU
		{f969ed16-d52e-7650-f59d-eff9d72c765f}.Debug|Any CPU.Build.0 = Debug|Any CPU
		{1edad65f-5290-580d-1f0d-60a859128e7c}.Debug|Any CPU.ActiveCfg = Debug|Any CPU
		{1edad65f-5290-580d-1f0d-60a859128e7c}.Debug|Any CPU.Build.0 = Debug|Any CPU
		{909f66b4-a5b3-d729-2319-62f6f386e357}.Debug|Any CPU.ActiveCfg = Debug|Any CPU
		{909f66b4-a5b3-d729-2319-62f6f386e357}.Debug|Any CPU.Build.0 = Debug|Any CPU
		{7ce83c17-1eb0-cba9-9ed5-f094f69a48ba}.Debug|Any CPU.ActiveCfg = Debug|Any CPU
		{7ce83c17-1eb0-cba9-9ed5-f094f69a48ba}.Debug|Any CPU.Build.0 = Debug|Any CPU
	EndGlobalSection
	GlobalSection(SolutionProperties) = preSolution
		HideSolutionNode = FALSE
	EndGlobalSection
EndGlobal
