
Microsoft Visual Studio Solution File, Format Version 11.00
# Visual Studio 2010
Project("{FAE04EC0-301F-11D3-BF4B-00C04F79EFBC}") = "Oculus.Platform", "Oculus.Platform.csproj", "{dd9bb62e-0236-8f40-716b-c7f221aaced0}"
EndProject
Project("{FAE04EC0-301F-11D3-BF4B-00C04F79EFBC}") = "Assembly-CSharp", "Assembly-CSharp.csproj", "{1da62852-d6fc-a944-e044-f84ebb57a5d2}"
EndProject
Project("{FAE04EC0-301F-11D3-BF4B-00C04F79EFBC}") = "Oculus.Spatializer", "Oculus.Spatializer.csproj", "{c819ab24-47a1-f168-fd56-30ee365f13c9}"
EndProject
Project("{FAE04EC0-301F-11D3-BF4B-00C04F79EFBC}") = "Oculus.Interaction", "Oculus.Interaction.csproj", "{54c6b6ea-f20a-63f5-8406-5573de4cf142}"
EndProject
Project("{FAE04EC0-301F-11D3-BF4B-00C04F79EFBC}") = "Facebook.WitAI", "Facebook.WitAI.csproj", "{66eb26c9-a7a8-d4b1-b53d-76f733c65bd3}"
EndProject
Project("{FAE04EC0-301F-11D3-BF4B-00C04F79EFBC}") = "Oculus.VR", "Oculus.VR.csproj", "{9c1e71c8-9ec7-a3f0-edae-7a3a5ad5f6a5}"
EndProject
Project("{FAE04EC0-301F-11D3-BF4B-00C04F79EFBC}") = "Oculus.Interaction.Samples", "Oculus.Interaction.Samples.csproj", "{cc24c09b-3272-3033-d2ee-e3db45d9ed0b}"
EndProject
Project("{FAE04EC0-301F-11D3-BF4B-00C04F79EFBC}") = "VoiceSDK.Dictation.Runtime", "VoiceSDK.Dictation.Runtime.csproj", "{e756323c-eba4-3751-9f40-daac0a7ba7ce}"
EndProject
Project("{FAE04EC0-301F-11D3-BF4B-00C04F79EFBC}") = "Facebook.Wit.TTS", "Facebook.Wit.TTS.csproj", "{90cc72ca-604e-8e97-d07d-337bd9ab9c97}"
EndProject
Project("{FAE04EC0-301F-11D3-BF4B-00C04F79EFBC}") = "Oculus.AudioManager", "Oculus.AudioManager.csproj", "{cf73f790-d4e3-7d66-22e4-ccfc0d66725f}"
EndProject
Project("{FAE04EC0-301F-11D3-BF4B-00C04F79EFBC}") = "VoiceSDK.Runtime", "VoiceSDK.Runtime.csproj", "{bffcea87-2d78-fb33-be04-a31f6714fe85}"
EndProject
Project("{FAE04EC0-301F-11D3-BF4B-00C04F79EFBC}") = "Facebook.Wit.Dictation", "Facebook.Wit.Dictation.csproj", "{ebb1cdaa-e11e-1e12-6a6b-87222f1e3be3}"
EndProject
Project("{FAE04EC0-301F-11D3-BF4B-00C04F79EFBC}") = "Oculus.Voice.Demo", "Oculus.Voice.Demo.csproj", "{be70d376-8b9f-fd3c-13ce-861d94ef74a4}"
EndProject
Project("{FAE04EC0-301F-11D3-BF4B-00C04F79EFBC}") = "AssistantCoreSDKRuntime", "AssistantCoreSDKRuntime.csproj", "{2a671c8e-e4e9-c7e7-86b9-b2085fe1e2d2}"
EndProject
Project("{FAE04EC0-301F-11D3-BF4B-00C04F79EFBC}") = "LitJson", "LitJson.csproj", "{dc9ab384-a99d-1ff0-c31e-854dbe87953f}"
EndProject
Project("{FAE04EC0-301F-11D3-BF4B-00C04F79EFBC}") = "Facebook.Wit.Conduit", "Facebook.Wit.Conduit.csproj", "{b27b2702-a324-0435-597e-636f41721fde}"
EndProject
Project("{FAE04EC0-301F-11D3-BF4B-00C04F79EFBC}") = "Oculus.LipSync", "Oculus.LipSync.csproj", "{d8a3610d-5f89-3b59-13ad-ef0dff290c48}"
EndProject
Project("{FAE04EC0-301F-11D3-BF4B-00C04F79EFBC}") = "Facebook.Wit.TTS.Samples", "Facebook.Wit.TTS.Samples.csproj", "{27974fe9-8bf2-63c6-8eec-7480222d768d}"
EndProject
Project("{FAE04EC0-301F-11D3-BF4B-00C04F79EFBC}") = "Facebook.Wit.Editor", "Facebook.Wit.Editor.csproj", "{011d3f5b-76ae-7ff4-ab07-2e63d81e5218}"
EndProject
Project("{FAE04EC0-301F-11D3-BF4B-00C04F79EFBC}") = "Oculus.Interaction.Editor", "Oculus.Interaction.Editor.csproj", "{e1f65a47-9af7-d053-07de-820f770eb45c}"
EndProject
Project("{FAE04EC0-301F-11D3-BF4B-00C04F79EFBC}") = "Facebook.Wit.Conduit.Editor", "Facebook.Wit.Conduit.Editor.csproj", "{01bbceba-4bd0-4363-b82e-b224f18554d6}"
EndProject
Project("{FAE04EC0-301F-11D3-BF4B-00C04F79EFBC}") = "Assembly-CSharp-Editor", "Assembly-CSharp-Editor.csproj", "{183aba7a-3f4f-26b6-2101-086bf49007fe}"
EndProject
Project("{FAE04EC0-301F-11D3-BF4B-00C04F79EFBC}") = "Oculus.Interaction.Samples.Editor", "Oculus.Interaction.Samples.Editor.csproj", "{053d9b8f-13fb-1e82-f21a-298fffae4a6c}"
EndProject
Project("{FAE04EC0-301F-11D3-BF4B-00C04F79EFBC}") = "Oculus.VR.Editor", "Oculus.VR.Editor.csproj", "{d174849a-e0f8-8458-f095-df2e0a380357}"
EndProject
Project("{FAE04EC0-301F-11D3-BF4B-00C04F79EFBC}") = "VoiceSDK.Editor", "VoiceSDK.Editor.csproj", "{a5fd07a4-6480-b3c2-3b76-fa348ecb1840}"
EndProject
Project("{FAE04EC0-301F-11D3-BF4B-00C04F79EFBC}") = "Facebook.Wit.TTS.Editor", "Facebook.Wit.TTS.Editor.csproj", "{472eaa85-7dec-1b26-251a-1c6f3bb78904}"
EndProject
Project("{FAE04EC0-301F-11D3-BF4B-00C04F79EFBC}") = "Facebook.Wit.Dictation.Editor", "Facebook.Wit.Dictation.Editor.csproj", "{3e32fd65-70ac-18c3-4771-f3ab8efc4ea3}"
EndProject
Project("{FAE04EC0-301F-11D3-BF4B-00C04F79EFBC}") = "VoiceSDK.Dictation.Editor", "VoiceSDK.Dictation.Editor.csproj", "{ba0cd9ca-dbf6-4b25-7d90-dd605f5d5ac5}"
EndProject
Project("{FAE04EC0-301F-11D3-BF4B-00C04F79EFBC}") = "Oculus.Platform.Editor", "Oculus.Platform.Editor.csproj", "{9f906981-8830-b0a1-1383-8137bf649acf}"
EndProject
Project("{FAE04EC0-301F-11D3-BF4B-00C04F79EFBC}") = "Oculus.Spatializer.Editor", "Oculus.Spatializer.Editor.csproj", "{c1f17ea6-15f3-2912-ae99-f3baa7216972}"
EndProject
Project("{FAE04EC0-301F-11D3-BF4B-00C04F79EFBC}") = "Oculus.AudioManager.Audio.Editor", "Oculus.AudioManager.Audio.Editor.csproj", "{faa29615-cc09-af9f-50f8-e1f3b533e962}"
EndProject
Project("{FAE04EC0-301F-11D3-BF4B-00C04F79EFBC}") = "Oculus.Interaction.InterfaceSupport", "Oculus.Interaction.InterfaceSupport.csproj", "{6ae7fc0a-4019-15f4-8b61-991a90b5fc2e}"
EndProject
Project("{FAE04EC0-301F-11D3-BF4B-00C04F79EFBC}") = "Oculus.VR.Scripts.Editor", "Oculus.VR.Scripts.Editor.csproj", "{4374ac50-1242-e1b6-0545-5a7032b3a80b}"
EndProject
Project("{FAE04EC0-301F-11D3-BF4B-00C04F79EFBC}") = "Oculus.LipSync.Editor", "Oculus.LipSync.Editor.csproj", "{2149ce35-8adc-a9af-2f41-a6e286095db2}"
EndProject
Project("{FAE04EC0-301F-11D3-BF4B-00C04F79EFBC}") = "AssistantCoreSDKEditor", "AssistantCoreSDKEditor.csproj", "{5255809c-eeca-77da-704b-eb10baa39076}"
EndProject
Project("{FAE04EC0-301F-11D3-BF4B-00C04F79EFBC}") = "Oculus.AudioManager.Utils.Editor", "Oculus.AudioManager.Utils.Editor.csproj", "{6cd91c26-6ba1-13b6-5bdf-1d7c52dfd978}"
EndProject
Global
	GlobalSection(SolutionConfigurationPlatforms) = preSolution
		Debug|Any CPU = Debug|Any CPU
	EndGlobalSection
	GlobalSection(ProjectConfigurationPlatforms) = postSolution
		{dd9bb62e-0236-8f40-716b-c7f221aaced0}.Debug|Any CPU.ActiveCfg = Debug|Any CPU
		{dd9bb62e-0236-8f40-716b-c7f221aaced0}.Debug|Any CPU.Build.0 = Debug|Any CPU
		{1da62852-d6fc-a944-e044-f84ebb57a5d2}.Debug|Any CPU.ActiveCfg = Debug|Any CPU
		{1da62852-d6fc-a944-e044-f84ebb57a5d2}.Debug|Any CPU.Build.0 = Debug|Any CPU
		{c819ab24-47a1-f168-fd56-30ee365f13c9}.Debug|Any CPU.ActiveCfg = Debug|Any CPU
		{c819ab24-47a1-f168-fd56-30ee365f13c9}.Debug|Any CPU.Build.0 = Debug|Any CPU
		{54c6b6ea-f20a-63f5-8406-5573de4cf142}.Debug|Any CPU.ActiveCfg = Debug|Any CPU
		{54c6b6ea-f20a-63f5-8406-5573de4cf142}.Debug|Any CPU.Build.0 = Debug|Any CPU
		{66eb26c9-a7a8-d4b1-b53d-76f733c65bd3}.Debug|Any CPU.ActiveCfg = Debug|Any CPU
		{66eb26c9-a7a8-d4b1-b53d-76f733c65bd3}.Debug|Any CPU.Build.0 = Debug|Any CPU
		{9c1e71c8-9ec7-a3f0-edae-7a3a5ad5f6a5}.Debug|Any CPU.ActiveCfg = Debug|Any CPU
		{9c1e71c8-9ec7-a3f0-edae-7a3a5ad5f6a5}.Debug|Any CPU.Build.0 = Debug|Any CPU
		{cc24c09b-3272-3033-d2ee-e3db45d9ed0b}.Debug|Any CPU.ActiveCfg = Debug|Any CPU
		{cc24c09b-3272-3033-d2ee-e3db45d9ed0b}.Debug|Any CPU.Build.0 = Debug|Any CPU
		{e756323c-eba4-3751-9f40-daac0a7ba7ce}.Debug|Any CPU.ActiveCfg = Debug|Any CPU
		{e756323c-eba4-3751-9f40-daac0a7ba7ce}.Debug|Any CPU.Build.0 = Debug|Any CPU
		{90cc72ca-604e-8e97-d07d-337bd9ab9c97}.Debug|Any CPU.ActiveCfg = Debug|Any CPU
		{90cc72ca-604e-8e97-d07d-337bd9ab9c97}.Debug|Any CPU.Build.0 = Debug|Any CPU
		{cf73f790-d4e3-7d66-22e4-ccfc0d66725f}.Debug|Any CPU.ActiveCfg = Debug|Any CPU
		{cf73f790-d4e3-7d66-22e4-ccfc0d66725f}.Debug|Any CPU.Build.0 = Debug|Any CPU
		{bffcea87-2d78-fb33-be04-a31f6714fe85}.Debug|Any CPU.ActiveCfg = Debug|Any CPU
		{bffcea87-2d78-fb33-be04-a31f6714fe85}.Debug|Any CPU.Build.0 = Debug|Any CPU
		{ebb1cdaa-e11e-1e12-6a6b-87222f1e3be3}.Debug|Any CPU.ActiveCfg = Debug|Any CPU
		{ebb1cdaa-e11e-1e12-6a6b-87222f1e3be3}.Debug|Any CPU.Build.0 = Debug|Any CPU
		{be70d376-8b9f-fd3c-13ce-861d94ef74a4}.Debug|Any CPU.ActiveCfg = Debug|Any CPU
		{be70d376-8b9f-fd3c-13ce-861d94ef74a4}.Debug|Any CPU.Build.0 = Debug|Any CPU
		{2a671c8e-e4e9-c7e7-86b9-b2085fe1e2d2}.Debug|Any CPU.ActiveCfg = Debug|Any CPU
		{2a671c8e-e4e9-c7e7-86b9-b2085fe1e2d2}.Debug|Any CPU.Build.0 = Debug|Any CPU
		{dc9ab384-a99d-1ff0-c31e-854dbe87953f}.Debug|Any CPU.ActiveCfg = Debug|Any CPU
		{dc9ab384-a99d-1ff0-c31e-854dbe87953f}.Debug|Any CPU.Build.0 = Debug|Any CPU
		{b27b2702-a324-0435-597e-636f41721fde}.Debug|Any CPU.ActiveCfg = Debug|Any CPU
		{b27b2702-a324-0435-597e-636f41721fde}.Debug|Any CPU.Build.0 = Debug|Any CPU
		{d8a3610d-5f89-3b59-13ad-ef0dff290c48}.Debug|Any CPU.ActiveCfg = Debug|Any CPU
		{d8a3610d-5f89-3b59-13ad-ef0dff290c48}.Debug|Any CPU.Build.0 = Debug|Any CPU
		{27974fe9-8bf2-63c6-8eec-7480222d768d}.Debug|Any CPU.ActiveCfg = Debug|Any CPU
		{27974fe9-8bf2-63c6-8eec-7480222d768d}.Debug|Any CPU.Build.0 = Debug|Any CPU
		{011d3f5b-76ae-7ff4-ab07-2e63d81e5218}.Debug|Any CPU.ActiveCfg = Debug|Any CPU
		{011d3f5b-76ae-7ff4-ab07-2e63d81e5218}.Debug|Any CPU.Build.0 = Debug|Any CPU
		{e1f65a47-9af7-d053-07de-820f770eb45c}.Debug|Any CPU.ActiveCfg = Debug|Any CPU
		{e1f65a47-9af7-d053-07de-820f770eb45c}.Debug|Any CPU.Build.0 = Debug|Any CPU
		{01bbceba-4bd0-4363-b82e-b224f18554d6}.Debug|Any CPU.ActiveCfg = Debug|Any CPU
		{01bbceba-4bd0-4363-b82e-b224f18554d6}.Debug|Any CPU.Build.0 = Debug|Any CPU
		{183aba7a-3f4f-26b6-2101-086bf49007fe}.Debug|Any CPU.ActiveCfg = Debug|Any CPU
		{183aba7a-3f4f-26b6-2101-086bf49007fe}.Debug|Any CPU.Build.0 = Debug|Any CPU
		{053d9b8f-13fb-1e82-f21a-298fffae4a6c}.Debug|Any CPU.ActiveCfg = Debug|Any CPU
		{053d9b8f-13fb-1e82-f21a-298fffae4a6c}.Debug|Any CPU.Build.0 = Debug|Any CPU
		{d174849a-e0f8-8458-f095-df2e0a380357}.Debug|Any CPU.ActiveCfg = Debug|Any CPU
		{d174849a-e0f8-8458-f095-df2e0a380357}.Debug|Any CPU.Build.0 = Debug|Any CPU
		{a5fd07a4-6480-b3c2-3b76-fa348ecb1840}.Debug|Any CPU.ActiveCfg = Debug|Any CPU
		{a5fd07a4-6480-b3c2-3b76-fa348ecb1840}.Debug|Any CPU.Build.0 = Debug|Any CPU
		{472eaa85-7dec-1b26-251a-1c6f3bb78904}.Debug|Any CPU.ActiveCfg = Debug|Any CPU
		{472eaa85-7dec-1b26-251a-1c6f3bb78904}.Debug|Any CPU.Build.0 = Debug|Any CPU
		{3e32fd65-70ac-18c3-4771-f3ab8efc4ea3}.Debug|Any CPU.ActiveCfg = Debug|Any CPU
		{3e32fd65-70ac-18c3-4771-f3ab8efc4ea3}.Debug|Any CPU.Build.0 = Debug|Any CPU
		{ba0cd9ca-dbf6-4b25-7d90-dd605f5d5ac5}.Debug|Any CPU.ActiveCfg = Debug|Any CPU
		{ba0cd9ca-dbf6-4b25-7d90-dd605f5d5ac5}.Debug|Any CPU.Build.0 = Debug|Any CPU
		{9f906981-8830-b0a1-1383-8137bf649acf}.Debug|Any CPU.ActiveCfg = Debug|Any CPU
		{9f906981-8830-b0a1-1383-8137bf649acf}.Debug|Any CPU.Build.0 = Debug|Any CPU
		{c1f17ea6-15f3-2912-ae99-f3baa7216972}.Debug|Any CPU.ActiveCfg = Debug|Any CPU
		{c1f17ea6-15f3-2912-ae99-f3baa7216972}.Debug|Any CPU.Build.0 = Debug|Any CPU
		{faa29615-cc09-af9f-50f8-e1f3b533e962}.Debug|Any CPU.ActiveCfg = Debug|Any CPU
		{faa29615-cc09-af9f-50f8-e1f3b533e962}.Debug|Any CPU.Build.0 = Debug|Any CPU
		{6ae7fc0a-4019-15f4-8b61-991a90b5fc2e}.Debug|Any CPU.ActiveCfg = Debug|Any CPU
		{6ae7fc0a-4019-15f4-8b61-991a90b5fc2e}.Debug|Any CPU.Build.0 = Debug|Any CPU
		{4374ac50-1242-e1b6-0545-5a7032b3a80b}.Debug|Any CPU.ActiveCfg = Debug|Any CPU
		{4374ac50-1242-e1b6-0545-5a7032b3a80b}.Debug|Any CPU.Build.0 = Debug|Any CPU
		{2149ce35-8adc-a9af-2f41-a6e286095db2}.Debug|Any CPU.ActiveCfg = Debug|Any CPU
		{2149ce35-8adc-a9af-2f41-a6e286095db2}.Debug|Any CPU.Build.0 = Debug|Any CPU
		{5255809c-eeca-77da-704b-eb10baa39076}.Debug|Any CPU.ActiveCfg = Debug|Any CPU
		{5255809c-eeca-77da-704b-eb10baa39076}.Debug|Any CPU.Build.0 = Debug|Any CPU
		{6cd91c26-6ba1-13b6-5bdf-1d7c52dfd978}.Debug|Any CPU.ActiveCfg = Debug|Any CPU
		{6cd91c26-6ba1-13b6-5bdf-1d7c52dfd978}.Debug|Any CPU.Build.0 = Debug|Any CPU
	EndGlobalSection
	GlobalSection(SolutionProperties) = preSolution
		HideSolutionNode = FALSE
	EndGlobalSection
EndGlobal
