
Microsoft Visual Studio Solution File, Format Version 12.00
# Visual Studio 15
Project("{FAE04EC0-301F-11D3-BF4B-00C04F79EFBC}") = "Oculus.Platform", "Oculus.Platform.csproj", "{2EB69BDD-3602-408F-716B-C7F221AACED0}"
EndProject
Project("{FAE04EC0-301F-11D3-BF4B-00C04F79EFBC}") = "Assembly-CSharp", "Assembly-CSharp.csproj", "{5228A61D-FCD6-44A9-E044-F84EBB57A5D2}"
EndProject
Project("{FAE04EC0-301F-11D3-BF4B-00C04F79EFBC}") = "Oculus.Spatializer", "Oculus.Spatializer.csproj", "{24AB19C8-A147-68F1-FD56-30EE365F13C9}"
EndProject
Project("{FAE04EC0-301F-11D3-BF4B-00C04F79EFBC}") = "Oculus.Interaction", "Oculus.Interaction.csproj", "{EAB6C654-0AF2-F563-8406-5573DE4CF142}"
EndProject
Project("{FAE04EC0-301F-11D3-BF4B-00C04F79EFBC}") = "Facebook.WitAI", "Facebook.WitAI.csproj", "{C926EB66-A8A7-B1D4-B53D-76F733C65BD3}"
EndProject
Project("{FAE04EC0-301F-11D3-BF4B-00C04F79EFBC}") = "Oculus.VR", "Oculus.VR.csproj", "{C8711E9C-C79E-F0A3-EDAE-7A3A5AD5F6A5}"
EndProject
Project("{FAE04EC0-301F-11D3-BF4B-00C04F79EFBC}") = "Oculus.Interaction.Samples", "Oculus.Interaction.Samples.csproj", "{9BC024CC-7232-3330-D2EE-E3DB45D9ED0B}"
EndProject
Project("{FAE04EC0-301F-11D3-BF4B-00C04F79EFBC}") = "VoiceSDK.Dictation.Runtime", "VoiceSDK.Dictation.Runtime.csproj", "{3C3256E7-A4EB-5137-9F40-DAAC0A7BA7CE}"
EndProject
Project("{FAE04EC0-301F-11D3-BF4B-00C04F79EFBC}") = "Facebook.Wit.TTS", "Facebook.Wit.TTS.csproj", "{CA72CC90-4E60-978E-D07D-337BD9AB9C97}"
EndProject
Project("{FAE04EC0-301F-11D3-BF4B-00C04F79EFBC}") = "Oculus.AudioManager", "Oculus.AudioManager.csproj", "{90F773CF-E3D4-667D-22E4-CCFC0D66725F}"
EndProject
Project("{FAE04EC0-301F-11D3-BF4B-00C04F79EFBC}") = "VoiceSDK.Runtime", "VoiceSDK.Runtime.csproj", "{87EAFCBF-782D-33FB-BE04-A31F6714FE85}"
EndProject
Project("{FAE04EC0-301F-11D3-BF4B-00C04F79EFBC}") = "Facebook.Wit.Dictation", "Facebook.Wit.Dictation.csproj", "{AACDB1EB-1EE1-121E-6A6B-87222F1E3BE3}"
EndProject
Project("{FAE04EC0-301F-11D3-BF4B-00C04F79EFBC}") = "Oculus.Voice.Demo", "Oculus.Voice.Demo.csproj", "{76D370BE-9F8B-3CFD-13CE-861D94EF74A4}"
EndProject
Project("{FAE04EC0-301F-11D3-BF4B-00C04F79EFBC}") = "AssistantCoreSDKRuntime", "AssistantCoreSDKRuntime.csproj", "{8E1C672A-E9E4-E7C7-86B9-B2085FE1E2D2}"
EndProject
Project("{FAE04EC0-301F-11D3-BF4B-00C04F79EFBC}") = "LitJson", "LitJson.csproj", "{84B39ADC-9DA9-F01F-C31E-854DBE87953F}"
EndProject
Project("{FAE04EC0-301F-11D3-BF4B-00C04F79EFBC}") = "Facebook.Wit.Conduit", "Facebook.Wit.Conduit.csproj", "{02277BB2-24A3-3504-597E-636F41721FDE}"
EndProject
Project("{FAE04EC0-301F-11D3-BF4B-00C04F79EFBC}") = "Oculus.LipSync", "Oculus.LipSync.csproj", "{0D61A3D8-895F-593B-13AD-EF0DFF290C48}"
EndProject
Project("{FAE04EC0-301F-11D3-BF4B-00C04F79EFBC}") = "Facebook.Wit.TTS.Samples", "Facebook.Wit.TTS.Samples.csproj", "{E94F9727-F28B-C663-8EEC-7480222D768D}"
EndProject
Project("{FAE04EC0-301F-11D3-BF4B-00C04F79EFBC}") = "Facebook.Wit.Editor", "Facebook.Wit.Editor.csproj", "{5B3F1D01-AE76-F47F-AB07-2E63D81E5218}"
EndProject
Project("{FAE04EC0-301F-11D3-BF4B-00C04F79EFBC}") = "Oculus.Interaction.Editor", "Oculus.Interaction.Editor.csproj", "{475AF6E1-F79A-53D0-07DE-820F770EB45C}"
EndProject
Project("{FAE04EC0-301F-11D3-BF4B-00C04F79EFBC}") = "Facebook.Wit.Conduit.Editor", "Facebook.Wit.Conduit.Editor.csproj", "{BACEBB01-D04B-6343-B82E-B224F18554D6}"
EndProject
Project("{FAE04EC0-301F-11D3-BF4B-00C04F79EFBC}") = "Assembly-CSharp-Editor", "Assembly-CSharp-Editor.csproj", "{7ABA3A18-4F3F-B626-2101-086BF49007FE}"
EndProject
Project("{FAE04EC0-301F-11D3-BF4B-00C04F79EFBC}") = "Oculus.Interaction.Samples.Editor", "Oculus.Interaction.Samples.Editor.csproj", "{8F9B3D05-FB13-821E-F21A-298FFFAE4A6C}"
EndProject
Project("{FAE04EC0-301F-11D3-BF4B-00C04F79EFBC}") = "Oculus.VR.Editor", "Oculus.VR.Editor.csproj", "{9A8474D1-F8E0-5884-F095-DF2E0A380357}"
EndProject
Project("{FAE04EC0-301F-11D3-BF4B-00C04F79EFBC}") = "VoiceSDK.Editor", "VoiceSDK.Editor.csproj", "{A407FDA5-8064-C2B3-3B76-FA348ECB1840}"
EndProject
Project("{FAE04EC0-301F-11D3-BF4B-00C04F79EFBC}") = "Facebook.Wit.TTS.Editor", "Facebook.Wit.TTS.Editor.csproj", "{85AA2E47-EC7D-261B-251A-1C6F3BB78904}"
EndProject
Project("{FAE04EC0-301F-11D3-BF4B-00C04F79EFBC}") = "Facebook.Wit.Dictation.Editor", "Facebook.Wit.Dictation.Editor.csproj", "{65FD323E-AC70-C318-4771-F3AB8EFC4EA3}"
EndProject
Project("{FAE04EC0-301F-11D3-BF4B-00C04F79EFBC}") = "VoiceSDK.Dictation.Editor", "VoiceSDK.Dictation.Editor.csproj", "{CAD90CBA-F6DB-254B-7D90-DD605F5D5AC5}"
EndProject
Project("{FAE04EC0-301F-11D3-BF4B-00C04F79EFBC}") = "Oculus.Platform.Editor", "Oculus.Platform.Editor.csproj", "{8169909F-3088-A1B0-1383-8137BF649ACF}"
EndProject
Project("{FAE04EC0-301F-11D3-BF4B-00C04F79EFBC}") = "Oculus.Spatializer.Editor", "Oculus.Spatializer.Editor.csproj", "{A67EF1C1-F315-1229-AE99-F3BAA7216972}"
EndProject
Project("{FAE04EC0-301F-11D3-BF4B-00C04F79EFBC}") = "Oculus.AudioManager.Audio.Editor", "Oculus.AudioManager.Audio.Editor.csproj", "{1596A2FA-09CC-9FAF-50F8-E1F3B533E962}"
EndProject
Project("{FAE04EC0-301F-11D3-BF4B-00C04F79EFBC}") = "Oculus.Interaction.InterfaceSupport", "Oculus.Interaction.InterfaceSupport.csproj", "{0AFCE76A-1940-F415-8B61-991A90B5FC2E}"
EndProject
Project("{FAE04EC0-301F-11D3-BF4B-00C04F79EFBC}") = "Oculus.VR.Scripts.Editor", "Oculus.VR.Scripts.Editor.csproj", "{50AC7443-4212-B6E1-0545-5A7032B3A80B}"
EndProject
Project("{FAE04EC0-301F-11D3-BF4B-00C04F79EFBC}") = "Oculus.LipSync.Editor", "Oculus.LipSync.Editor.csproj", "{35CE4921-DC8A-AFA9-2F41-A6E286095DB2}"
EndProject
Project("{FAE04EC0-301F-11D3-BF4B-00C04F79EFBC}") = "AssistantCoreSDKEditor", "AssistantCoreSDKEditor.csproj", "{9C805552-CAEE-DA77-704B-EB10BAA39076}"
EndProject
Project("{FAE04EC0-301F-11D3-BF4B-00C04F79EFBC}") = "Oculus.AudioManager.Utils.Editor", "Oculus.AudioManager.Utils.Editor.csproj", "{261CD96C-A16B-B613-5BDF-1D7C52DFD978}"
EndProject
Global
	GlobalSection(SolutionConfigurationPlatforms) = preSolution
		Debug|Any CPU = Debug|Any CPU
		Release|Any CPU = Release|Any CPU
	EndGlobalSection
	GlobalSection(ProjectConfigurationPlatforms) = postSolution
		{2EB69BDD-3602-408F-716B-C7F221AACED0}.Debug|Any CPU.ActiveCfg = Debug|Any CPU
		{2EB69BDD-3602-408F-716B-C7F221AACED0}.Debug|Any CPU.Build.0 = Debug|Any CPU
		{2EB69BDD-3602-408F-716B-C7F221AACED0}.Release|Any CPU.ActiveCfg = Release|Any CPU
		{2EB69BDD-3602-408F-716B-C7F221AACED0}.Release|Any CPU.Build.0 = Release|Any CPU
		{5228A61D-FCD6-44A9-E044-F84EBB57A5D2}.Debug|Any CPU.ActiveCfg = Debug|Any CPU
		{5228A61D-FCD6-44A9-E044-F84EBB57A5D2}.Debug|Any CPU.Build.0 = Debug|Any CPU
		{5228A61D-FCD6-44A9-E044-F84EBB57A5D2}.Release|Any CPU.ActiveCfg = Release|Any CPU
		{5228A61D-FCD6-44A9-E044-F84EBB57A5D2}.Release|Any CPU.Build.0 = Release|Any CPU
		{24AB19C8-A147-68F1-FD56-30EE365F13C9}.Debug|Any CPU.ActiveCfg = Debug|Any CPU
		{24AB19C8-A147-68F1-FD56-30EE365F13C9}.Debug|Any CPU.Build.0 = Debug|Any CPU
		{24AB19C8-A147-68F1-FD56-30EE365F13C9}.Release|Any CPU.ActiveCfg = Release|Any CPU
		{24AB19C8-A147-68F1-FD56-30EE365F13C9}.Release|Any CPU.Build.0 = Release|Any CPU
		{EAB6C654-0AF2-F563-8406-5573DE4CF142}.Debug|Any CPU.ActiveCfg = Debug|Any CPU
		{EAB6C654-0AF2-F563-8406-5573DE4CF142}.Debug|Any CPU.Build.0 = Debug|Any CPU
		{EAB6C654-0AF2-F563-8406-5573DE4CF142}.Release|Any CPU.ActiveCfg = Release|Any CPU
		{EAB6C654-0AF2-F563-8406-5573DE4CF142}.Release|Any CPU.Build.0 = Release|Any CPU
		{C926EB66-A8A7-B1D4-B53D-76F733C65BD3}.Debug|Any CPU.ActiveCfg = Debug|Any CPU
		{C926EB66-A8A7-B1D4-B53D-76F733C65BD3}.Debug|Any CPU.Build.0 = Debug|Any CPU
		{C926EB66-A8A7-B1D4-B53D-76F733C65BD3}.Release|Any CPU.ActiveCfg = Release|Any CPU
		{C926EB66-A8A7-B1D4-B53D-76F733C65BD3}.Release|Any CPU.Build.0 = Release|Any CPU
		{C8711E9C-C79E-F0A3-EDAE-7A3A5AD5F6A5}.Debug|Any CPU.ActiveCfg = Debug|Any CPU
		{C8711E9C-C79E-F0A3-EDAE-7A3A5AD5F6A5}.Debug|Any CPU.Build.0 = Debug|Any CPU
		{C8711E9C-C79E-F0A3-EDAE-7A3A5AD5F6A5}.Release|Any CPU.ActiveCfg = Release|Any CPU
		{C8711E9C-C79E-F0A3-EDAE-7A3A5AD5F6A5}.Release|Any CPU.Build.0 = Release|Any CPU
		{9BC024CC-7232-3330-D2EE-E3DB45D9ED0B}.Debug|Any CPU.ActiveCfg = Debug|Any CPU
		{9BC024CC-7232-3330-D2EE-E3DB45D9ED0B}.Debug|Any CPU.Build.0 = Debug|Any CPU
		{9BC024CC-7232-3330-D2EE-E3DB45D9ED0B}.Release|Any CPU.ActiveCfg = Release|Any CPU
		{9BC024CC-7232-3330-D2EE-E3DB45D9ED0B}.Release|Any CPU.Build.0 = Release|Any CPU
		{3C3256E7-A4EB-5137-9F40-DAAC0A7BA7CE}.Debug|Any CPU.ActiveCfg = Debug|Any CPU
		{3C3256E7-A4EB-5137-9F40-DAAC0A7BA7CE}.Debug|Any CPU.Build.0 = Debug|Any CPU
		{3C3256E7-A4EB-5137-9F40-DAAC0A7BA7CE}.Release|Any CPU.ActiveCfg = Release|Any CPU
		{3C3256E7-A4EB-5137-9F40-DAAC0A7BA7CE}.Release|Any CPU.Build.0 = Release|Any CPU
		{CA72CC90-4E60-978E-D07D-337BD9AB9C97}.Debug|Any CPU.ActiveCfg = Debug|Any CPU
		{CA72CC90-4E60-978E-D07D-337BD9AB9C97}.Debug|Any CPU.Build.0 = Debug|Any CPU
		{CA72CC90-4E60-978E-D07D-337BD9AB9C97}.Release|Any CPU.ActiveCfg = Release|Any CPU
		{CA72CC90-4E60-978E-D07D-337BD9AB9C97}.Release|Any CPU.Build.0 = Release|Any CPU
		{90F773CF-E3D4-667D-22E4-CCFC0D66725F}.Debug|Any CPU.ActiveCfg = Debug|Any CPU
		{90F773CF-E3D4-667D-22E4-CCFC0D66725F}.Debug|Any CPU.Build.0 = Debug|Any CPU
		{90F773CF-E3D4-667D-22E4-CCFC0D66725F}.Release|Any CPU.ActiveCfg = Release|Any CPU
		{90F773CF-E3D4-667D-22E4-CCFC0D66725F}.Release|Any CPU.Build.0 = Release|Any CPU
		{87EAFCBF-782D-33FB-BE04-A31F6714FE85}.Debug|Any CPU.ActiveCfg = Debug|Any CPU
		{87EAFCBF-782D-33FB-BE04-A31F6714FE85}.Debug|Any CPU.Build.0 = Debug|Any CPU
		{87EAFCBF-782D-33FB-BE04-A31F6714FE85}.Release|Any CPU.ActiveCfg = Release|Any CPU
		{87EAFCBF-782D-33FB-BE04-A31F6714FE85}.Release|Any CPU.Build.0 = Release|Any CPU
		{AACDB1EB-1EE1-121E-6A6B-87222F1E3BE3}.Debug|Any CPU.ActiveCfg = Debug|Any CPU
		{AACDB1EB-1EE1-121E-6A6B-87222F1E3BE3}.Debug|Any CPU.Build.0 = Debug|Any CPU
		{AACDB1EB-1EE1-121E-6A6B-87222F1E3BE3}.Release|Any CPU.ActiveCfg = Release|Any CPU
		{AACDB1EB-1EE1-121E-6A6B-87222F1E3BE3}.Release|Any CPU.Build.0 = Release|Any CPU
		{76D370BE-9F8B-3CFD-13CE-861D94EF74A4}.Debug|Any CPU.ActiveCfg = Debug|Any CPU
		{76D370BE-9F8B-3CFD-13CE-861D94EF74A4}.Debug|Any CPU.Build.0 = Debug|Any CPU
		{76D370BE-9F8B-3CFD-13CE-861D94EF74A4}.Release|Any CPU.ActiveCfg = Release|Any CPU
		{76D370BE-9F8B-3CFD-13CE-861D94EF74A4}.Release|Any CPU.Build.0 = Release|Any CPU
		{8E1C672A-E9E4-E7C7-86B9-B2085FE1E2D2}.Debug|Any CPU.ActiveCfg = Debug|Any CPU
		{8E1C672A-E9E4-E7C7-86B9-B2085FE1E2D2}.Debug|Any CPU.Build.0 = Debug|Any CPU
		{8E1C672A-E9E4-E7C7-86B9-B2085FE1E2D2}.Release|Any CPU.ActiveCfg = Release|Any CPU
		{8E1C672A-E9E4-E7C7-86B9-B2085FE1E2D2}.Release|Any CPU.Build.0 = Release|Any CPU
		{84B39ADC-9DA9-F01F-C31E-854DBE87953F}.Debug|Any CPU.ActiveCfg = Debug|Any CPU
		{84B39ADC-9DA9-F01F-C31E-854DBE87953F}.Debug|Any CPU.Build.0 = Debug|Any CPU
		{84B39ADC-9DA9-F01F-C31E-854DBE87953F}.Release|Any CPU.ActiveCfg = Release|Any CPU
		{84B39ADC-9DA9-F01F-C31E-854DBE87953F}.Release|Any CPU.Build.0 = Release|Any CPU
		{02277BB2-24A3-3504-597E-636F41721FDE}.Debug|Any CPU.ActiveCfg = Debug|Any CPU
		{02277BB2-24A3-3504-597E-636F41721FDE}.Debug|Any CPU.Build.0 = Debug|Any CPU
		{02277BB2-24A3-3504-597E-636F41721FDE}.Release|Any CPU.ActiveCfg = Release|Any CPU
		{02277BB2-24A3-3504-597E-636F41721FDE}.Release|Any CPU.Build.0 = Release|Any CPU
		{0D61A3D8-895F-593B-13AD-EF0DFF290C48}.Debug|Any CPU.ActiveCfg = Debug|Any CPU
		{0D61A3D8-895F-593B-13AD-EF0DFF290C48}.Debug|Any CPU.Build.0 = Debug|Any CPU
		{0D61A3D8-895F-593B-13AD-EF0DFF290C48}.Release|Any CPU.ActiveCfg = Release|Any CPU
		{0D61A3D8-895F-593B-13AD-EF0DFF290C48}.Release|Any CPU.Build.0 = Release|Any CPU
		{E94F9727-F28B-C663-8EEC-7480222D768D}.Debug|Any CPU.ActiveCfg = Debug|Any CPU
		{E94F9727-F28B-C663-8EEC-7480222D768D}.Debug|Any CPU.Build.0 = Debug|Any CPU
		{E94F9727-F28B-C663-8EEC-7480222D768D}.Release|Any CPU.ActiveCfg = Release|Any CPU
		{E94F9727-F28B-C663-8EEC-7480222D768D}.Release|Any CPU.Build.0 = Release|Any CPU
		{5B3F1D01-AE76-F47F-AB07-2E63D81E5218}.Debug|Any CPU.ActiveCfg = Debug|Any CPU
		{5B3F1D01-AE76-F47F-AB07-2E63D81E5218}.Debug|Any CPU.Build.0 = Debug|Any CPU
		{5B3F1D01-AE76-F47F-AB07-2E63D81E5218}.Release|Any CPU.ActiveCfg = Release|Any CPU
		{5B3F1D01-AE76-F47F-AB07-2E63D81E5218}.Release|Any CPU.Build.0 = Release|Any CPU
		{475AF6E1-F79A-53D0-07DE-820F770EB45C}.Debug|Any CPU.ActiveCfg = Debug|Any CPU
		{475AF6E1-F79A-53D0-07DE-820F770EB45C}.Debug|Any CPU.Build.0 = Debug|Any CPU
		{475AF6E1-F79A-53D0-07DE-820F770EB45C}.Release|Any CPU.ActiveCfg = Release|Any CPU
		{475AF6E1-F79A-53D0-07DE-820F770EB45C}.Release|Any CPU.Build.0 = Release|Any CPU
		{BACEBB01-D04B-6343-B82E-B224F18554D6}.Debug|Any CPU.ActiveCfg = Debug|Any CPU
		{BACEBB01-D04B-6343-B82E-B224F18554D6}.Debug|Any CPU.Build.0 = Debug|Any CPU
		{BACEBB01-D04B-6343-B82E-B224F18554D6}.Release|Any CPU.ActiveCfg = Release|Any CPU
		{BACEBB01-D04B-6343-B82E-B224F18554D6}.Release|Any CPU.Build.0 = Release|Any CPU
		{7ABA3A18-4F3F-B626-2101-086BF49007FE}.Debug|Any CPU.ActiveCfg = Debug|Any CPU
		{7ABA3A18-4F3F-B626-2101-086BF49007FE}.Debug|Any CPU.Build.0 = Debug|Any CPU
		{7ABA3A18-4F3F-B626-2101-086BF49007FE}.Release|Any CPU.ActiveCfg = Release|Any CPU
		{7ABA3A18-4F3F-B626-2101-086BF49007FE}.Release|Any CPU.Build.0 = Release|Any CPU
		{8F9B3D05-FB13-821E-F21A-298FFFAE4A6C}.Debug|Any CPU.ActiveCfg = Debug|Any CPU
		{8F9B3D05-FB13-821E-F21A-298FFFAE4A6C}.Debug|Any CPU.Build.0 = Debug|Any CPU
		{8F9B3D05-FB13-821E-F21A-298FFFAE4A6C}.Release|Any CPU.ActiveCfg = Release|Any CPU
		{8F9B3D05-FB13-821E-F21A-298FFFAE4A6C}.Release|Any CPU.Build.0 = Release|Any CPU
		{9A8474D1-F8E0-5884-F095-DF2E0A380357}.Debug|Any CPU.ActiveCfg = Debug|Any CPU
		{9A8474D1-F8E0-5884-F095-DF2E0A380357}.Debug|Any CPU.Build.0 = Debug|Any CPU
		{9A8474D1-F8E0-5884-F095-DF2E0A380357}.Release|Any CPU.ActiveCfg = Release|Any CPU
		{9A8474D1-F8E0-5884-F095-DF2E0A380357}.Release|Any CPU.Build.0 = Release|Any CPU
		{A407FDA5-8064-C2B3-3B76-FA348ECB1840}.Debug|Any CPU.ActiveCfg = Debug|Any CPU
		{A407FDA5-8064-C2B3-3B76-FA348ECB1840}.Debug|Any CPU.Build.0 = Debug|Any CPU
		{A407FDA5-8064-C2B3-3B76-FA348ECB1840}.Release|Any CPU.ActiveCfg = Release|Any CPU
		{A407FDA5-8064-C2B3-3B76-FA348ECB1840}.Release|Any CPU.Build.0 = Release|Any CPU
		{85AA2E47-EC7D-261B-251A-1C6F3BB78904}.Debug|Any CPU.ActiveCfg = Debug|Any CPU
		{85AA2E47-EC7D-261B-251A-1C6F3BB78904}.Debug|Any CPU.Build.0 = Debug|Any CPU
		{85AA2E47-EC7D-261B-251A-1C6F3BB78904}.Release|Any CPU.ActiveCfg = Release|Any CPU
		{85AA2E47-EC7D-261B-251A-1C6F3BB78904}.Release|Any CPU.Build.0 = Release|Any CPU
		{65FD323E-AC70-C318-4771-F3AB8EFC4EA3}.Debug|Any CPU.ActiveCfg = Debug|Any CPU
		{65FD323E-AC70-C318-4771-F3AB8EFC4EA3}.Debug|Any CPU.Build.0 = Debug|Any CPU
		{65FD323E-AC70-C318-4771-F3AB8EFC4EA3}.Release|Any CPU.ActiveCfg = Release|Any CPU
		{65FD323E-AC70-C318-4771-F3AB8EFC4EA3}.Release|Any CPU.Build.0 = Release|Any CPU
		{CAD90CBA-F6DB-254B-7D90-DD605F5D5AC5}.Debug|Any CPU.ActiveCfg = Debug|Any CPU
		{CAD90CBA-F6DB-254B-7D90-DD605F5D5AC5}.Debug|Any CPU.Build.0 = Debug|Any CPU
		{CAD90CBA-F6DB-254B-7D90-DD605F5D5AC5}.Release|Any CPU.ActiveCfg = Release|Any CPU
		{CAD90CBA-F6DB-254B-7D90-DD605F5D5AC5}.Release|Any CPU.Build.0 = Release|Any CPU
		{8169909F-3088-A1B0-1383-8137BF649ACF}.Debug|Any CPU.ActiveCfg = Debug|Any CPU
		{8169909F-3088-A1B0-1383-8137BF649ACF}.Debug|Any CPU.Build.0 = Debug|Any CPU
		{8169909F-3088-A1B0-1383-8137BF649ACF}.Release|Any CPU.ActiveCfg = Release|Any CPU
		{8169909F-3088-A1B0-1383-8137BF649ACF}.Release|Any CPU.Build.0 = Release|Any CPU
		{A67EF1C1-F315-1229-AE99-F3BAA7216972}.Debug|Any CPU.ActiveCfg = Debug|Any CPU
		{A67EF1C1-F315-1229-AE99-F3BAA7216972}.Debug|Any CPU.Build.0 = Debug|Any CPU
		{A67EF1C1-F315-1229-AE99-F3BAA7216972}.Release|Any CPU.ActiveCfg = Release|Any CPU
		{A67EF1C1-F315-1229-AE99-F3BAA7216972}.Release|Any CPU.Build.0 = Release|Any CPU
		{1596A2FA-09CC-9FAF-50F8-E1F3B533E962}.Debug|Any CPU.ActiveCfg = Debug|Any CPU
		{1596A2FA-09CC-9FAF-50F8-E1F3B533E962}.Debug|Any CPU.Build.0 = Debug|Any CPU
		{1596A2FA-09CC-9FAF-50F8-E1F3B533E962}.Release|Any CPU.ActiveCfg = Release|Any CPU
		{1596A2FA-09CC-9FAF-50F8-E1F3B533E962}.Release|Any CPU.Build.0 = Release|Any CPU
		{0AFCE76A-1940-F415-8B61-991A90B5FC2E}.Debug|Any CPU.ActiveCfg = Debug|Any CPU
		{0AFCE76A-1940-F415-8B61-991A90B5FC2E}.Debug|Any CPU.Build.0 = Debug|Any CPU
		{0AFCE76A-1940-F415-8B61-991A90B5FC2E}.Release|Any CPU.ActiveCfg = Release|Any CPU
		{0AFCE76A-1940-F415-8B61-991A90B5FC2E}.Release|Any CPU.Build.0 = Release|Any CPU
		{50AC7443-4212-B6E1-0545-5A7032B3A80B}.Debug|Any CPU.ActiveCfg = Debug|Any CPU
		{50AC7443-4212-B6E1-0545-5A7032B3A80B}.Debug|Any CPU.Build.0 = Debug|Any CPU
		{50AC7443-4212-B6E1-0545-5A7032B3A80B}.Release|Any CPU.ActiveCfg = Release|Any CPU
		{50AC7443-4212-B6E1-0545-5A7032B3A80B}.Release|Any CPU.Build.0 = Release|Any CPU
		{35CE4921-DC8A-AFA9-2F41-A6E286095DB2}.Debug|Any CPU.ActiveCfg = Debug|Any CPU
		{35CE4921-DC8A-AFA9-2F41-A6E286095DB2}.Debug|Any CPU.Build.0 = Debug|Any CPU
		{35CE4921-DC8A-AFA9-2F41-A6E286095DB2}.Release|Any CPU.ActiveCfg = Release|Any CPU
		{35CE4921-DC8A-AFA9-2F41-A6E286095DB2}.Release|Any CPU.Build.0 = Release|Any CPU
		{9C805552-CAEE-DA77-704B-EB10BAA39076}.Debug|Any CPU.ActiveCfg = Debug|Any CPU
		{9C805552-CAEE-DA77-704B-EB10BAA39076}.Debug|Any CPU.Build.0 = Debug|Any CPU
		{9C805552-CAEE-DA77-704B-EB10BAA39076}.Release|Any CPU.ActiveCfg = Release|Any CPU
		{9C805552-CAEE-DA77-704B-EB10BAA39076}.Release|Any CPU.Build.0 = Release|Any CPU
		{261CD96C-A16B-B613-5BDF-1D7C52DFD978}.Debug|Any CPU.ActiveCfg = Debug|Any CPU
		{261CD96C-A16B-B613-5BDF-1D7C52DFD978}.Debug|Any CPU.Build.0 = Debug|Any CPU
		{261CD96C-A16B-B613-5BDF-1D7C52DFD978}.Release|Any CPU.ActiveCfg = Release|Any CPU
		{261CD96C-A16B-B613-5BDF-1D7C52DFD978}.Release|Any CPU.Build.0 = Release|Any CPU
	EndGlobalSection
	GlobalSection(SolutionProperties) = preSolution
		HideSolutionNode = FALSE
	EndGlobalSection
EndGlobal
